PODS:
  - Alamofire (5.6.4)
  - IQKeyboardManagerSwift (6.5.11)
  - libSwiftSocket (1.2.7):
    - libSwiftSocket/core (= 1.2.7)
  - libSwiftSocket/core (1.2.7)
  - SnapKit (5.6.0)
  - Starscream (4.0.4)
  - SwiftSocket (2.0.2)

DEPENDENCIES:
  - Alamofire
  - IQKeyboardManagerSwift
  - libSwiftSocket
  - SnapKit
  - Starscream
  - SwiftSocket

SPEC REPOS:
  trunk:
    - Alamofire
    - IQKeyboardManagerSwift
    - libSwiftSocket
    - SnapKit
    - Starscream
    - SwiftSocket

SPEC CHECKSUMS:
  Alamofire: 4e95d97098eacb88856099c4fc79b526a299e48c
  IQKeyboardManagerSwift: c7955c0bdbf7b2eb29bb7daaa44e3d90f55a9a85
  libSwiftSocket: 1eff33b7b6163d685c7d48d3a7acf27c8b7387ef
  SnapKit: e01d52ebb8ddbc333eefe2132acf85c8227d9c25
  Starscream: 5178aed56b316f13fa3bc55694e583d35dd414d9
  SwiftSocket: 6f4c9c63fbc5c1d61188936bb3c599fd546f40ae

PODFILE CHECKSUM: fbb2fa151d2f48b32b06459487b272013419c2ca

COCOAPODS: 1.12.0
